
Microsoft Visual Studio Solution File, Format Version 12.00
# Visual Studio Version 16
VisualStudioVersion = 16.0.31624.102
MinimumVisualStudioVersion = 10.0.40219.1
Project("{FAE04EC0-301F-11D3-BF4B-00C04F79EFBC}") = "TestCalc", "TestCalc\TestCalc.csproj", "{65F267B9-D198-4096-950C-499B2F7D0E8F}"
EndProject
Project("{FAE04EC0-301F-11D3-BF4B-00C04F79EFBC}") = "TestCalc.Tests", "TestCalc.Tests\TestCalc.Tests.csproj", "{852FFBC2-F5BF-4518-A462-187CDA878E75}"
EndProject
Global
	GlobalSection(SolutionConfigurationPlatforms) = preSolution
		Debug|Any CPU = Debug|Any CPU
		Release|Any CPU = Release|Any CPU
	EndGlobalSection
	GlobalSection(ProjectConfigurationPlatforms) = postSolution
		{65F267B9-D198-4096-950C-499B2F7D0E8F}.Debug|Any CPU.ActiveCfg = Debug|Any CPU
		{65F267B9-D198-4096-950C-499B2F7D0E8F}.Debug|Any CPU.Build.0 = Debug|Any CPU
		{65F267B9-D198-4096-950C-499B2F7D0E8F}.Release|Any CPU.ActiveCfg = Release|Any CPU
		{65F267B9-D198-4096-950C-499B2F7D0E8F}.Release|Any CPU.Build.0 = Release|Any CPU
		{852FFBC2-F5BF-4518-A462-187CDA878E75}.Debug|Any CPU.ActiveCfg = Debug|Any CPU
		{852FFBC2-F5BF-4518-A462-187CDA878E75}.Debug|Any CPU.Build.0 = Debug|Any CPU
		{852FFBC2-F5BF-4518-A462-187CDA878E75}.Release|Any CPU.ActiveCfg = Release|Any CPU
		{852FFBC2-F5BF-4518-A462-187CDA878E75}.Release|Any CPU.Build.0 = Release|Any CPU
	EndGlobalSection
	GlobalSection(SolutionProperties) = preSolution
		HideSolutionNode = FALSE
	EndGlobalSection
	GlobalSection(ExtensibilityGlobals) = postSolution
		SolutionGuid = {A5BF96BB-BBB7-4F4D-A64C-A3F85F3457FE}
	EndGlobalSection
EndGlobal
